{
  "name": "ultimatetamarro",
  "version": "1.2.1",
  "description": "A Discord Bot to play some music for servers",
  "lockfileVersion": 1,
  "main": "server.js",
  "scripts": {
    "stable": "node server.js"
  },
  "engines": {
    "node": "12.16.3"
  },
  "dependencies": {
    "discord.js": {"version":"12.2.0"},
    "@discordjs/opus": {"version":"0.3.2"},
    "ffmpeg-static": {"version":"4.2.1"},
    "request": {"version":"2.88.2"},
    "yt-search": {"version":"1.1.2"},
    "ytdl-core": {"version":"2.1.2"}
  }
}
